
Microsoft Visual Studio Solution File, Format Version 12.00
# Visual Studio Version 16
VisualStudioVersion = 16.0.30804.86
MinimumVisualStudioVersion = 10.0.40219.1
Project("{FAE04EC0-301F-11D3-BF4B-00C04F79EFBC}") = "PublicKeyEncryption", "Public Key Encryption\PublicKeyEncryption.csproj", "{29211206-9D13-42B2-AC62-39539EFCD0FF}"
EndProject
Global
	GlobalSection(SolutionConfigurationPlatforms) = preSolution
		Debug|Any CPU = Debug|Any CPU
		Release|Any CPU = Release|Any CPU
	EndGlobalSection
	GlobalSection(ProjectConfigurationPlatforms) = postSolution
		{29211206-9D13-42B2-AC62-39539EFCD0FF}.Debug|Any CPU.ActiveCfg = Debug|Any CPU
		{29211206-9D13-42B2-AC62-39539EFCD0FF}.Debug|Any CPU.Build.0 = Debug|Any CPU
		{29211206-9D13-42B2-AC62-39539EFCD0FF}.Release|Any CPU.ActiveCfg = Release|Any CPU
		{29211206-9D13-42B2-AC62-39539EFCD0FF}.Release|Any CPU.Build.0 = Release|Any CPU
	EndGlobalSection
	GlobalSection(SolutionProperties) = preSolution
		HideSolutionNode = FALSE
	EndGlobalSection
	GlobalSection(ExtensibilityGlobals) = postSolution
		SolutionGuid = {540F7E5E-6BA5-4262-92C3-F016DCE12677}
	EndGlobalSection
EndGlobal
